
Microsoft Visual Studio Solution File, Format Version 12.00
# Visual Studio Version 16
VisualStudioVersion = 16.0.29025.244
MinimumVisualStudioVersion = 10.0.40219.1
Project("{FAE04EC0-301F-11D3-BF4B-00C04F79EFBC}") = "Calcolatrice", "CalcolatriceGiusta\Calcolatrice.csproj", "{8BBA5B24-1917-4CDC-8719-3E48D9E755C2}"
EndProject
Global
	GlobalSection(SolutionConfigurationPlatforms) = preSolution
		Debug|Any CPU = Debug|Any CPU
		Release|Any CPU = Release|Any CPU
	EndGlobalSection
	GlobalSection(ProjectConfigurationPlatforms) = postSolution
		{8BBA5B24-1917-4CDC-8719-3E48D9E755C2}.Debug|Any CPU.ActiveCfg = Debug|Any CPU
		{8BBA5B24-1917-4CDC-8719-3E48D9E755C2}.Debug|Any CPU.Build.0 = Debug|Any CPU
		{8BBA5B24-1917-4CDC-8719-3E48D9E755C2}.Release|Any CPU.ActiveCfg = Release|Any CPU
		{8BBA5B24-1917-4CDC-8719-3E48D9E755C2}.Release|Any CPU.Build.0 = Release|Any CPU
	EndGlobalSection
	GlobalSection(SolutionProperties) = preSolution
		HideSolutionNode = FALSE
	EndGlobalSection
	GlobalSection(ExtensibilityGlobals) = postSolution
		SolutionGuid = {059A330C-7BBD-4A7E-B848-E9FF6A08C258}
	EndGlobalSection
EndGlobal
